
Microsoft Visual Studio Solution File, Format Version 12.00
# Visual Studio Version 17
VisualStudioVersion = 17.4.33213.308
MinimumVisualStudioVersion = 10.0.40219.1
Project("{8BC9CEB8-8B4A-11D0-8D11-00A0C91BC942}") = "electronic_organ", "electronic_organ.vcxproj", "{E062641D-CB96-4960-9004-D1DB9F8D91EC}"
EndProject
Global
	GlobalSection(SolutionConfigurationPlatforms) = preSolution
		Debug|x64 = Debug|x64
		Debug|x86 = Debug|x86
		Release|x64 = Release|x64
		Release|x86 = Release|x86
	EndGlobalSection
	GlobalSection(ProjectConfigurationPlatforms) = postSolution
		{E062641D-CB96-4960-9004-D1DB9F8D91EC}.Debug|x64.ActiveCfg = Debug|x64
		{E062641D-CB96-4960-9004-D1DB9F8D91EC}.Debug|x64.Build.0 = Debug|x64
		{E062641D-CB96-4960-9004-D1DB9F8D91EC}.Debug|x86.ActiveCfg = Debug|Win32
		{E062641D-CB96-4960-9004-D1DB9F8D91EC}.Debug|x86.Build.0 = Debug|Win32
		{E062641D-CB96-4960-9004-D1DB9F8D91EC}.Release|x64.ActiveCfg = Release|x64
		{E062641D-CB96-4960-9004-D1DB9F8D91EC}.Release|x64.Build.0 = Release|x64
		{E062641D-CB96-4960-9004-D1DB9F8D91EC}.Release|x86.ActiveCfg = Release|Win32
		{E062641D-CB96-4960-9004-D1DB9F8D91EC}.Release|x86.Build.0 = Release|Win32
	EndGlobalSection
	GlobalSection(SolutionProperties) = preSolution
		HideSolutionNode = FALSE
	EndGlobalSection
	GlobalSection(ExtensibilityGlobals) = postSolution
		SolutionGuid = {4DFF8FD4-E452-4A73-BE8F-CBD1ADB9F850}
	EndGlobalSection
EndGlobal
